github.com/cockroachdb/cockroach-go/v2 v2.3.5 h1:Khtm8K6fTTz/ZCWPzU9Ne3aOW9VyAnj4qIPCJgKtwK0=
github.com/cockroachdb/cockroach-go/v2 v2.3.5/go.mod h1:1wNJ45eSXW9AnOc3skntW9ZUZz6gxrQK3cOj3rK+BC8=
github.com/lib/pq v1.10.9 h1:YXG7RB+JIjhP29X+OtkiDnYaXQwpS4JEWq7dtCCRUEw=
github.com/lib/pq v1.10.9/go.mod h1:AlVN5x4E4T544tWzH6hKfbfQvm3HdbOxrmggDNAPY9o=
